// !$*UTF8*$!
{
	archiveVersion = 1;
	classes = {
	};
	objectVersion = 50;
	objects = {

/* Begin PBXBuildFile section */
		45249C9322D21B560082453D /* AppDelegate.swift in Sources */ = {isa = PBXBuildFile; fileRef = 45249C9222D21B560082453D /* AppDelegate.swift */; };
		45249C9522D21B560082453D /* RootViewController.swift in Sources */ = {isa = PBXBuildFile; fileRef = 45249C9422D21B560082453D /* RootViewController.swift */; };
		45249C9822D21B560082453D /* Main.storyboard in Resources */ = {isa = PBXBuildFile; fileRef = 45249C9622D21B560082453D /* Main.storyboard */; };
		45249C9A22D21B560082453D /* Assets.xcassets in Resources */ = {isa = PBXBuildFile; fileRef = 45249C9922D21B560082453D /* Assets.xcassets */; };
		45249C9D22D21B560082453D /* LaunchScreen.storyboard in Resources */ = {isa = PBXBuildFile; fileRef = 45249C9B22D21B560082453D /* LaunchScreen.storyboard */; };
		45249CA522D21BCA0082453D /* ShortestKnightAlgorithm.swift in Sources */ = {isa = PBXBuildFile; fileRef = 45249CA422D21BCA0082453D /* ShortestKnightAlgorithm.swift */; };
		45249CA722D21C2E0082453D /* ShortestKnightVC.swift in Sources */ = {isa = PBXBuildFile; fileRef = 45249CA622D21C2E0082453D /* ShortestKnightVC.swift */; };
		45249CAC22D2240C0082453D /* ShortestKnightPathVC.swift in Sources */ = {isa = PBXBuildFile; fileRef = 45249CAB22D2240C0082453D /* ShortestKnightPathVC.swift */; };
		45249CCE22D32F210082453D /* SortingAlgorithms.swift in Sources */ = {isa = PBXBuildFile; fileRef = 45249CCD22D32F210082453D /* SortingAlgorithms.swift */; };
/* End PBXBuildFile section */

/* Begin PBXFileReference section */
		45249C8F22D21B560082453D /* Shortest Knight Path.app */ = {isa = PBXFileReference; explicitFileType = wrapper.application; includeInIndex = 0; path = "Shortest Knight Path.app"; sourceTree = BUILT_PRODUCTS_DIR; };
		45249C9222D21B560082453D /* AppDelegate.swift */ = {isa = PBXFileReference; lastKnownFileType = sourcecode.swift; path = AppDelegate.swift; sourceTree = "<group>"; };
		45249C9422D21B560082453D /* RootViewController.swift */ = {isa = PBXFileReference; lastKnownFileType = sourcecode.swift; path = RootViewController.swift; sourceTree = "<group>"; };
		45249C9722D21B560082453D /* Base */ = {isa = PBXFileReference; lastKnownFileType = file.storyboard; name = Base; path = Base.lproj/Main.storyboard; sourceTree = "<group>"; };
		45249C9922D21B560082453D /* Assets.xcassets */ = {isa = PBXFileReference; lastKnownFileType = folder.assetcatalog; path = Assets.xcassets; sourceTree = "<group>"; };
		45249C9C22D21B560082453D /* Base */ = {isa = PBXFileReference; lastKnownFileType = file.storyboard; name = Base; path = Base.lproj/LaunchScreen.storyboard; sourceTree = "<group>"; };
		45249C9E22D21B560082453D /* Info.plist */ = {isa = PBXFileReference; lastKnownFileType = text.plist.xml; path = Info.plist; sourceTree = "<group>"; };
		45249CA422D21BCA0082453D /* ShortestKnightAlgorithm.swift */ = {isa = PBXFileReference; fileEncoding = 4; lastKnownFileType = sourcecode.swift; path = ShortestKnightAlgorithm.swift; sourceTree = "<group>"; };
		45249CA622D21C2E0082453D /* ShortestKnightVC.swift */ = {isa = PBXFileReference; lastKnownFileType = sourcecode.swift; path = ShortestKnightVC.swift; sourceTree = "<group>"; };
		45249CAB22D2240C0082453D /* ShortestKnightPathVC.swift */ = {isa = PBXFileReference; lastKnownFileType = sourcecode.swift; path = ShortestKnightPathVC.swift; sourceTree = "<group>"; };
		45249CCD22D32F210082453D /* SortingAlgorithms.swift */ = {isa = PBXFileReference; lastKnownFileType = sourcecode.swift; path = SortingAlgorithms.swift; sourceTree = "<group>"; };
/* End PBXFileReference section */

/* Begin PBXFrameworksBuildPhase section */
		45249C8C22D21B550082453D /* Frameworks */ = {
			isa = PBXFrameworksBuildPhase;
			buildActionMask = 2147483647;
			files = (
			);
			runOnlyForDeploymentPostprocessing = 0;
		};
/* End PBXFrameworksBuildPhase section */

/* Begin PBXGroup section */
		45249C8622D21B550082453D = {
			isa = PBXGroup;
			children = (
				45249C9122D21B560082453D /* ShortestKnightPath */,
				45249C9022D21B560082453D /* Products */,
			);
			sourceTree = "<group>";
		};
		45249C9022D21B560082453D /* Products */ = {
			isa = PBXGroup;
			children = (
				45249C8F22D21B560082453D /* Shortest Knight Path.app */,
			);
			name = Products;
			sourceTree = "<group>";
		};
		45249C9122D21B560082453D /* ShortestKnightPath */ = {
			isa = PBXGroup;
			children = (
				45249C9222D21B560082453D /* AppDelegate.swift */,
				45249CA922D21C990082453D /* ViewControllers */,
				45249CAA22D21CAE0082453D /* Algorithm */,
				45249C9622D21B560082453D /* Main.storyboard */,
				45249C9922D21B560082453D /* Assets.xcassets */,
				45249C9B22D21B560082453D /* LaunchScreen.storyboard */,
				45249C9E22D21B560082453D /* Info.plist */,
			);
			path = ShortestKnightPath;
			sourceTree = "<group>";
		};
		45249CA922D21C990082453D /* ViewControllers */ = {
			isa = PBXGroup;
			children = (
				45249C9422D21B560082453D /* RootViewController.swift */,
				45249CA622D21C2E0082453D /* ShortestKnightVC.swift */,
				45249CAB22D2240C0082453D /* ShortestKnightPathVC.swift */,
			);
			path = ViewControllers;
			sourceTree = "<group>";
		};
		45249CAA22D21CAE0082453D /* Algorithm */ = {
			isa = PBXGroup;
			children = (
				45249CA422D21BCA0082453D /* ShortestKnightAlgorithm.swift */,
				45249CCD22D32F210082453D /* SortingAlgorithms.swift */,
			);
			path = Algorithm;
			sourceTree = "<group>";
		};
/* End PBXGroup section */

/* Begin PBXNativeTarget section */
		45249C8E22D21B550082453D /* ShortestKnightPathAlgorithm */ = {
			isa = PBXNativeTarget;
			buildConfigurationList = 45249CA122D21B560082453D /* Build configuration list for PBXNativeTarget "ShortestKnightPathAlgorithm" */;
			buildPhases = (
				45249C8B22D21B550082453D /* Sources */,
				45249C8C22D21B550082453D /* Frameworks */,
				45249C8D22D21B550082453D /* Resources */,
			);
			buildRules = (
			);
			dependencies = (
			);
			name = ShortestKnightPathAlgorithm;
			productName = Algorithms;
			productReference = 45249C8F22D21B560082453D /* Shortest Knight Path.app */;
			productType = "com.apple.product-type.application";
		};
/* End PBXNativeTarget section */

/* Begin PBXProject section */
		45249C8722D21B550082453D /* Project object */ = {
			isa = PBXProject;
			attributes = {
				LastSwiftUpdateCheck = 1020;
				LastUpgradeCheck = 1020;
				ORGANIZATIONNAME = SPH;
				TargetAttributes = {
					45249C8E22D21B550082453D = {
						CreatedOnToolsVersion = 10.2.1;
					};
				};
			};
			buildConfigurationList = 45249C8A22D21B550082453D /* Build configuration list for PBXProject "ShortestKnightPathAlgorithm" */;
			compatibilityVersion = "Xcode 9.3";
			developmentRegion = en;
			hasScannedForEncodings = 0;
			knownRegions = (
				en,
				Base,
			);
			mainGroup = 45249C8622D21B550082453D;
			productRefGroup = 45249C9022D21B560082453D /* Products */;
			projectDirPath = "";
			projectRoot = "";
			targets = (
				45249C8E22D21B550082453D /* ShortestKnightPathAlgorithm */,
			);
		};
/* End PBXProject section */

/* Begin PBXResourcesBuildPhase section */
		45249C8D22D21B550082453D /* Resources */ = {
			isa = PBXResourcesBuildPhase;
			buildActionMask = 2147483647;
			files = (
				45249C9D22D21B560082453D /* LaunchScreen.storyboard in Resources */,
				45249C9A22D21B560082453D /* Assets.xcassets in Resources */,
				45249C9822D21B560082453D /* Main.storyboard in Resources */,
			);
			runOnlyForDeploymentPostprocessing = 0;
		};
/* End PBXResourcesBuildPhase section */

/* Begin PBXSourcesBuildPhase section */
		45249C8B22D21B550082453D /* Sources */ = {
			isa = PBXSourcesBuildPhase;
			buildActionMask = 2147483647;
			files = (
				45249CA522D21BCA0082453D /* ShortestKnightAlgorithm.swift in Sources */,
				45249CA722D21C2E0082453D /* ShortestKnightVC.swift in Sources */,
				45249CCE22D32F210082453D /* SortingAlgorithms.swift in Sources */,
				45249CAC22D2240C0082453D /* ShortestKnightPathVC.swift in Sources */,
				45249C9522D21B560082453D /* RootViewController.swift in Sources */,
				45249C9322D21B560082453D /* AppDelegate.swift in Sources */,
			);
			runOnlyForDeploymentPostprocessing = 0;
		};
/* End PBXSourcesBuildPhase section */

/* Begin PBXVariantGroup section */
		45249C9622D21B560082453D /* Main.storyboard */ = {
			isa = PBXVariantGroup;
			children = (
				45249C9722D21B560082453D /* Base */,
			);
			name = Main.storyboard;
			sourceTree = "<group>";
		};
		45249C9B22D21B560082453D /* LaunchScreen.storyboard */ = {
			isa = PBXVariantGroup;
			children = (
				45249C9C22D21B560082453D /* Base */,
			);
			name = LaunchScreen.storyboard;
			sourceTree = "<group>";
		};
/* End PBXVariantGroup section */

/* Begin XCBuildConfiguration section */
		45249C9F22D21B560082453D /* Debug */ = {
			isa = XCBuildConfiguration;
			buildSettings = {
				ALWAYS_SEARCH_USER_PATHS = NO;
				CLANG_ANALYZER_NONNULL = YES;
				CLANG_ANALYZER_NUMBER_OBJECT_CONVERSION = YES_AGGRESSIVE;
				CLANG_CXX_LANGUAGE_STANDARD = "gnu++14";
				CLANG_CXX_LIBRARY = "libc++";
				CLANG_ENABLE_MODULES = YES;
				CLANG_ENABLE_OBJC_ARC = YES;
				CLANG_ENABLE_OBJC_WEAK = YES;
				CLANG_WARN_BLOCK_CAPTURE_AUTORELEASING = YES;
				CLANG_WARN_BOOL_CONVERSION = YES;
				CLANG_WARN_COMMA = YES;
				CLANG_WARN_CONSTANT_CONVERSION = YES;
				CLANG_WARN_DEPRECATED_OBJC_IMPLEMENTATIONS = YES;
				CLANG_WARN_DIRECT_OBJC_ISA_USAGE = YES_ERROR;
				CLANG_WARN_DOCUMENTATION_COMMENTS = YES;
				CLANG_WARN_EMPTY_BODY = YES;
				CLANG_WARN_ENUM_CONVERSION = YES;
				CLANG_WARN_INFINITE_RECURSION = YES;
				CLANG_WARN_INT_CONVERSION = YES;
				CLANG_WARN_NON_LITERAL_NULL_CONVERSION = YES;
				CLANG_WARN_OBJC_IMPLICIT_RETAIN_SELF = YES;
				CLANG_WARN_OBJC_LITERAL_CONVERSION = YES;
				CLANG_WARN_OBJC_ROOT_CLASS = YES_ERROR;
				CLANG_WARN_RANGE_LOOP_ANALYSIS = YES;
				CLANG_WARN_STRICT_PROTOTYPES = YES;
				CLANG_WARN_SUSPICIOUS_MOVE = YES;
				CLANG_WARN_UNGUARDED_AVAILABILITY = YES_AGGRESSIVE;
				CLANG_WARN_UNREACHABLE_CODE = YES;
				CLANG_WARN__DUPLICATE_METHOD_MATCH = YES;
				CODE_SIGN_IDENTITY = "iPhone Developer";
				COPY_PHASE_STRIP = NO;
				DEBUG_INFORMATION_FORMAT = dwarf;
				ENABLE_STRICT_OBJC_MSGSEND = YES;
				ENABLE_TESTABILITY = YES;
				GCC_C_LANGUAGE_STANDARD = gnu11;
				GCC_DYNAMIC_NO_PIC = NO;
				GCC_NO_COMMON_BLOCKS = YES;
				GCC_OPTIMIZATION_LEVEL = 0;
				GCC_PREPROCESSOR_DEFINITIONS = (
					"DEBUG=1",
					"$(inherited)",
				);
				GCC_WARN_64_TO_32_BIT_CONVERSION = YES;
				GCC_WARN_ABOUT_RETURN_TYPE = YES_ERROR;
				GCC_WARN_UNDECLARED_SELECTOR = YES;
				GCC_WARN_UNINITIALIZED_AUTOS = YES_AGGRESSIVE;
				GCC_WARN_UNUSED_FUNCTION = YES;
				GCC_WARN_UNUSED_VARIABLE = YES;
				IPHONEOS_DEPLOYMENT_TARGET = 12.2;
				MTL_ENABLE_DEBUG_INFO = INCLUDE_SOURCE;
				MTL_FAST_MATH = YES;
				ONLY_ACTIVE_ARCH = YES;
				SDKROOT = iphoneos;
				SWIFT_ACTIVE_COMPILATION_CONDITIONS = DEBUG;
				SWIFT_OPTIMIZATION_LEVEL = "-Onone";
			};
			name = Debug;
		};
		45249CA022D21B560082453D /* Release */ = {
			isa = XCBuildConfiguration;
			buildSettings = {
				ALWAYS_SEARCH_USER_PATHS = NO;
				CLANG_ANALYZER_NONNULL = YES;
				CLANG_ANALYZER_NUMBER_OBJECT_CONVERSION = YES_AGGRESSIVE;
				CLANG_CXX_LANGUAGE_STANDARD = "gnu++14";
				CLANG_CXX_LIBRARY = "libc++";
				CLANG_ENABLE_MODULES = YES;
				CLANG_ENABLE_OBJC_ARC = YES;
				CLANG_ENABLE_OBJC_WEAK = YES;
				CLANG_WARN_BLOCK_CAPTURE_AUTORELEASING = YES;
				CLANG_WARN_BOOL_CONVERSION = YES;
				CLANG_WARN_COMMA = YES;
				CLANG_WARN_CONSTANT_CONVERSION = YES;
				CLANG_WARN_DEPRECATED_OBJC_IMPLEMENTATIONS = YES;
				CLANG_WARN_DIRECT_OBJC_ISA_USAGE = YES_ERROR;
				CLANG_WARN_DOCUMENTATION_COMMENTS = YES;
				CLANG_WARN_EMPTY_BODY = YES;
				CLANG_WARN_ENUM_CONVERSION = YES;
				CLANG_WARN_INFINITE_RECURSION = YES;
				CLANG_WARN_INT_CONVERSION = YES;
				CLANG_WARN_NON_LITERAL_NULL_CONVERSION = YES;
				CLANG_WARN_OBJC_IMPLICIT_RETAIN_SELF = YES;
				CLANG_WARN_OBJC_LITERAL_CONVERSION = YES;
				CLANG_WARN_OBJC_ROOT_CLASS = YES_ERROR;
				CLANG_WARN_RANGE_LOOP_ANALYSIS = YES;
				CLANG_WARN_STRICT_PROTOTYPES = YES;
				CLANG_WARN_SUSPICIOUS_MOVE = YES;
				CLANG_WARN_UNGUARDED_AVAILABILITY = YES_AGGRESSIVE;
				CLANG_WARN_UNREACHABLE_CODE = YES;
				CLANG_WARN__DUPLICATE_METHOD_MATCH = YES;
				CODE_SIGN_IDENTITY = "iPhone Developer";
				COPY_PHASE_STRIP = NO;
				DEBUG_INFORMATION_FORMAT = "dwarf-with-dsym";
				ENABLE_NS_ASSERTIONS = NO;
				ENABLE_STRICT_OBJC_MSGSEND = YES;
				GCC_C_LANGUAGE_STANDARD = gnu11;
				GCC_NO_COMMON_BLOCKS = YES;
				GCC_WARN_64_TO_32_BIT_CONVERSION = YES;
				GCC_WARN_ABOUT_RETURN_TYPE = YES_ERROR;
				GCC_WARN_UNDECLARED_SELECTOR = YES;
				GCC_WARN_UNINITIALIZED_AUTOS = YES_AGGRESSIVE;
				GCC_WARN_UNUSED_FUNCTION = YES;
				GCC_WARN_UNUSED_VARIABLE = YES;
				IPHONEOS_DEPLOYMENT_TARGET = 12.2;
				MTL_ENABLE_DEBUG_INFO = NO;
				MTL_FAST_MATH = YES;
				SDKROOT = iphoneos;
				SWIFT_COMPILATION_MODE = wholemodule;
				SWIFT_OPTIMIZATION_LEVEL = "-O";
				VALIDATE_PRODUCT = YES;
			};
			name = Release;
		};
		45249CA222D21B560082453D /* Debug */ = {
			isa = XCBuildConfiguration;
			buildSettings = {
				ASSETCATALOG_COMPILER_APPICON_NAME = AppIcon;
				CODE_SIGN_STYLE = Automatic;
				DEVELOPMENT_TEAM = L6TLAD67NF;
				INFOPLIST_FILE = Algorithms/Info.plist;
				LD_RUNPATH_SEARCH_PATHS = (
					"$(inherited)",
					"@executable_path/Frameworks",
				);
				PRODUCT_BUNDLE_IDENTIFIER = com.harsha.Algorithms;
				PRODUCT_NAME = "Shortest Knight Path";
				SWIFT_VERSION = 5.0;
				TARGETED_DEVICE_FAMILY = "1,2";
			};
			name = Debug;
		};
		45249CA322D21B560082453D /* Release */ = {
			isa = XCBuildConfiguration;
			buildSettings = {
				ASSETCATALOG_COMPILER_APPICON_NAME = AppIcon;
				CODE_SIGN_STYLE = Automatic;
				DEVELOPMENT_TEAM = L6TLAD67NF;
				INFOPLIST_FILE = Algorithms/Info.plist;
				LD_RUNPATH_SEARCH_PATHS = (
					"$(inherited)",
					"@executable_path/Frameworks",
				);
				PRODUCT_BUNDLE_IDENTIFIER = com.harsha.Algorithms;
				PRODUCT_NAME = "Shortest Knight Path";
				SWIFT_VERSION = 5.0;
				TARGETED_DEVICE_FAMILY = "1,2";
			};
			name = Release;
		};
/* End XCBuildConfiguration section */

/* Begin XCConfigurationList section */
		45249C8A22D21B550082453D /* Build configuration list for PBXProject "ShortestKnightPathAlgorithm" */ = {
			isa = XCConfigurationList;
			buildConfigurations = (
				45249C9F22D21B560082453D /* Debug */,
				45249CA022D21B560082453D /* Release */,
			);
			defaultConfigurationIsVisible = 0;
			defaultConfigurationName = Release;
		};
		45249CA122D21B560082453D /* Build configuration list for PBXNativeTarget "ShortestKnightPathAlgorithm" */ = {
			isa = XCConfigurationList;
			buildConfigurations = (
				45249CA222D21B560082453D /* Debug */,
				45249CA322D21B560082453D /* Release */,
			);
			defaultConfigurationIsVisible = 0;
			defaultConfigurationName = Release;
		};
/* End XCConfigurationList section */
	};
	rootObject = 45249C8722D21B550082453D /* Project object */;
}
